// !$*UTF8*$!
{
	archiveVersion = 1;
	classes = {
	};
	objectVersion = 46;
	objects = {

/* Begin PBXBuildFile section */
		BA83B3421FF4D3FB008DC2AA /* AppDelegate.swift in Sources */ = {isa = PBXBuildFile; fileRef = BA83B3411FF4D3FB008DC2AA /* AppDelegate.swift */; };
		BA83B3441FF4D3FB008DC2AA /* ViewController.swift in Sources */ = {isa = PBXBuildFile; fileRef = BA83B3431FF4D3FB008DC2AA /* ViewController.swift */; };
		BA83B3471FF4D3FB008DC2AA /* Main.storyboard in Resources */ = {isa = PBXBuildFile; fileRef = BA83B3451FF4D3FB008DC2AA /* Main.storyboard */; };
		BA83B3491FF4D3FB008DC2AA /* Assets.xcassets in Resources */ = {isa = PBXBuildFile; fileRef = BA83B3481FF4D3FB008DC2AA /* Assets.xcassets */; };
		BA83B34C1FF4D3FB008DC2AA /* LaunchScreen.storyboard in Resources */ = {isa = PBXBuildFile; fileRef = BA83B34A1FF4D3FB008DC2AA /* LaunchScreen.storyboard */; };
		BA83B3541FF4D41A008DC2AA /* ResultViewController.swift in Sources */ = {isa = PBXBuildFile; fileRef = BA83B3531FF4D41A008DC2AA /* ResultViewController.swift */; };
		BA83B35E1FFBFA5D008DC2AA /* cat.png in Resources */ = {isa = PBXBuildFile; fileRef = BA83B35B1FFBFA5D008DC2AA /* cat.png */; };
		BA83B35F1FFBFA5D008DC2AA /* dog.png in Resources */ = {isa = PBXBuildFile; fileRef = BA83B35C1FFBFA5D008DC2AA /* dog.png */; };
		BA83B3601FFBFA5D008DC2AA /* rensa.png in Resources */ = {isa = PBXBuildFile; fileRef = BA83B35D1FFBFA5D008DC2AA /* rensa.png */; };
/* End PBXBuildFile section */

/* Begin PBXFileReference section */
		BA83B33E1FF4D3FB008DC2AA /* SlideshowApp.app */ = {isa = PBXFileReference; explicitFileType = wrapper.application; includeInIndex = 0; path = SlideshowApp.app; sourceTree = BUILT_PRODUCTS_DIR; };
		BA83B3411FF4D3FB008DC2AA /* AppDelegate.swift */ = {isa = PBXFileReference; lastKnownFileType = sourcecode.swift; path = AppDelegate.swift; sourceTree = "<group>"; };
		BA83B3431FF4D3FB008DC2AA /* ViewController.swift */ = {isa = PBXFileReference; lastKnownFileType = sourcecode.swift; path = ViewController.swift; sourceTree = "<group>"; };
		BA83B3461FF4D3FB008DC2AA /* Base */ = {isa = PBXFileReference; lastKnownFileType = file.storyboard; name = Base; path = Base.lproj/Main.storyboard; sourceTree = "<group>"; };
		BA83B3481FF4D3FB008DC2AA /* Assets.xcassets */ = {isa = PBXFileReference; lastKnownFileType = folder.assetcatalog; path = Assets.xcassets; sourceTree = "<group>"; };
		BA83B34B1FF4D3FB008DC2AA /* Base */ = {isa = PBXFileReference; lastKnownFileType = file.storyboard; name = Base; path = Base.lproj/LaunchScreen.storyboard; sourceTree = "<group>"; };
		BA83B34D1FF4D3FB008DC2AA /* Info.plist */ = {isa = PBXFileReference; lastKnownFileType = text.plist.xml; path = Info.plist; sourceTree = "<group>"; };
		BA83B3531FF4D41A008DC2AA /* ResultViewController.swift */ = {isa = PBXFileReference; fileEncoding = 4; lastKnownFileType = sourcecode.swift; path = ResultViewController.swift; sourceTree = "<group>"; };
		BA83B35B1FFBFA5D008DC2AA /* cat.png */ = {isa = PBXFileReference; lastKnownFileType = image.png; path = cat.png; sourceTree = "<group>"; };
		BA83B35C1FFBFA5D008DC2AA /* dog.png */ = {isa = PBXFileReference; lastKnownFileType = image.png; path = dog.png; sourceTree = "<group>"; };
		BA83B35D1FFBFA5D008DC2AA /* rensa.png */ = {isa = PBXFileReference; lastKnownFileType = image.png; path = rensa.png; sourceTree = "<group>"; };
/* End PBXFileReference section */

/* Begin PBXFrameworksBuildPhase section */
		BA83B33B1FF4D3FB008DC2AA /* Frameworks */ = {
			isa = PBXFrameworksBuildPhase;
			buildActionMask = 2147483647;
			files = (
			);
			runOnlyForDeploymentPostprocessing = 0;
		};
/* End PBXFrameworksBuildPhase section */

/* Begin PBXGroup section */
		BA83B3351FF4D3FB008DC2AA = {
			isa = PBXGroup;
			children = (
				BA83B3401FF4D3FB008DC2AA /* SlideshowApp */,
				BA83B33F1FF4D3FB008DC2AA /* Products */,
				BA83B35B1FFBFA5D008DC2AA /* cat.png */,
				BA83B35C1FFBFA5D008DC2AA /* dog.png */,
				BA83B35D1FFBFA5D008DC2AA /* rensa.png */,
			);
			sourceTree = "<group>";
		};
		BA83B33F1FF4D3FB008DC2AA /* Products */ = {
			isa = PBXGroup;
			children = (
				BA83B33E1FF4D3FB008DC2AA /* SlideshowApp.app */,
			);
			name = Products;
			sourceTree = "<group>";
		};
		BA83B3401FF4D3FB008DC2AA /* SlideshowApp */ = {
			isa = PBXGroup;
			children = (
				BA83B3411FF4D3FB008DC2AA /* AppDelegate.swift */,
				BA83B3431FF4D3FB008DC2AA /* ViewController.swift */,
				BA83B3451FF4D3FB008DC2AA /* Main.storyboard */,
				BA83B3531FF4D41A008DC2AA /* ResultViewController.swift */,
				BA83B3481FF4D3FB008DC2AA /* Assets.xcassets */,
				BA83B34A1FF4D3FB008DC2AA /* LaunchScreen.storyboard */,
				BA83B34D1FF4D3FB008DC2AA /* Info.plist */,
			);
			path = SlideshowApp;
			sourceTree = "<group>";
		};
/* End PBXGroup section */

/* Begin PBXNativeTarget section */
		BA83B33D1FF4D3FB008DC2AA /* SlideshowApp */ = {
			isa = PBXNativeTarget;
			buildConfigurationList = BA83B3501FF4D3FB008DC2AA /* Build configuration list for PBXNativeTarget "SlideshowApp" */;
			buildPhases = (
				BA83B33A1FF4D3FB008DC2AA /* Sources */,
				BA83B33B1FF4D3FB008DC2AA /* Frameworks */,
				BA83B33C1FF4D3FB008DC2AA /* Resources */,
			);
			buildRules = (
			);
			dependencies = (
			);
			name = SlideshowApp;
			productName = SlideshowApp;
			productReference = BA83B33E1FF4D3FB008DC2AA /* SlideshowApp.app */;
			productType = "com.apple.product-type.application";
		};
/* End PBXNativeTarget section */

/* Begin PBXProject section */
		BA83B3361FF4D3FB008DC2AA /* Project object */ = {
			isa = PBXProject;
			attributes = {
				LastSwiftUpdateCheck = 0830;
				LastUpgradeCheck = 0830;
				ORGANIZATIONNAME = yuji;
				TargetAttributes = {
					BA83B33D1FF4D3FB008DC2AA = {
						CreatedOnToolsVersion = 8.3.3;
						ProvisioningStyle = Automatic;
					};
				};
			};
			buildConfigurationList = BA83B3391FF4D3FB008DC2AA /* Build configuration list for PBXProject "SlideshowApp" */;
			compatibilityVersion = "Xcode 3.2";
			developmentRegion = English;
			hasScannedForEncodings = 0;
			knownRegions = (
				en,
				Base,
			);
			mainGroup = BA83B3351FF4D3FB008DC2AA;
			productRefGroup = BA83B33F1FF4D3FB008DC2AA /* Products */;
			projectDirPath = "";
			projectRoot = "";
			targets = (
				BA83B33D1FF4D3FB008DC2AA /* SlideshowApp */,
			);
		};
/* End PBXProject section */

/* Begin PBXResourcesBuildPhase section */
		BA83B33C1FF4D3FB008DC2AA /* Resources */ = {
			isa = PBXResourcesBuildPhase;
			buildActionMask = 2147483647;
			files = (
				BA83B34C1FF4D3FB008DC2AA /* LaunchScreen.storyboard in Resources */,
				BA83B3601FFBFA5D008DC2AA /* rensa.png in Resources */,
				BA83B35F1FFBFA5D008DC2AA /* dog.png in Resources */,
				BA83B3491FF4D3FB008DC2AA /* Assets.xcassets in Resources */,
				BA83B35E1FFBFA5D008DC2AA /* cat.png in Resources */,
				BA83B3471FF4D3FB008DC2AA /* Main.storyboard in Resources */,
			);
			runOnlyForDeploymentPostprocessing = 0;
		};
/* End PBXResourcesBuildPhase section */

/* Begin PBXSourcesBuildPhase section */
		BA83B33A1FF4D3FB008DC2AA /* Sources */ = {
			isa = PBXSourcesBuildPhase;
			buildActionMask = 2147483647;
			files = (
				BA83B3441FF4D3FB008DC2AA /* ViewController.swift in Sources */,
				BA83B3421FF4D3FB008DC2AA /* AppDelegate.swift in Sources */,
				BA83B3541FF4D41A008DC2AA /* ResultViewController.swift in Sources */,
			);
			runOnlyForDeploymentPostprocessing = 0;
		};
/* End PBXSourcesBuildPhase section */

/* Begin PBXVariantGroup section */
		BA83B3451FF4D3FB008DC2AA /* Main.storyboard */ = {
			isa = PBXVariantGroup;
			children = (
				BA83B3461FF4D3FB008DC2AA /* Base */,
			);
			name = Main.storyboard;
			sourceTree = "<group>";
		};
		BA83B34A1FF4D3FB008DC2AA /* LaunchScreen.storyboard */ = {
			isa = PBXVariantGroup;
			children = (
				BA83B34B1FF4D3FB008DC2AA /* Base */,
			);
			name = LaunchScreen.storyboard;
			sourceTree = "<group>";
		};
/* End PBXVariantGroup section */

/* Begin XCBuildConfiguration section */
		BA83B34E1FF4D3FB008DC2AA /* Debug */ = {
			isa = XCBuildConfiguration;
			buildSettings = {
				ALWAYS_SEARCH_USER_PATHS = NO;
				CLANG_ANALYZER_NONNULL = YES;
				CLANG_ANALYZER_NUMBER_OBJECT_CONVERSION = YES_AGGRESSIVE;
				CLANG_CXX_LANGUAGE_STANDARD = "gnu++0x";
				CLANG_CXX_LIBRARY = "libc++";
				CLANG_ENABLE_MODULES = YES;
				CLANG_ENABLE_OBJC_ARC = YES;
				CLANG_WARN_BOOL_CONVERSION = YES;
				CLANG_WARN_CONSTANT_CONVERSION = YES;
				CLANG_WARN_DIRECT_OBJC_ISA_USAGE = YES_ERROR;
				CLANG_WARN_DOCUMENTATION_COMMENTS = YES;
				CLANG_WARN_EMPTY_BODY = YES;
				CLANG_WARN_ENUM_CONVERSION = YES;
				CLANG_WARN_INFINITE_RECURSION = YES;
				CLANG_WARN_INT_CONVERSION = YES;
				CLANG_WARN_OBJC_ROOT_CLASS = YES_ERROR;
				CLANG_WARN_SUSPICIOUS_MOVE = YES;
				CLANG_WARN_UNREACHABLE_CODE = YES;
				CLANG_WARN__DUPLICATE_METHOD_MATCH = YES;
				"CODE_SIGN_IDENTITY[sdk=iphoneos*]" = "iPhone Developer";
				COPY_PHASE_STRIP = NO;
				DEBUG_INFORMATION_FORMAT = dwarf;
				ENABLE_STRICT_OBJC_MSGSEND = YES;
				ENABLE_TESTABILITY = YES;
				GCC_C_LANGUAGE_STANDARD = gnu99;
				GCC_DYNAMIC_NO_PIC = NO;
				GCC_NO_COMMON_BLOCKS = YES;
				GCC_OPTIMIZATION_LEVEL = 0;
				GCC_PREPROCESSOR_DEFINITIONS = (
					"DEBUG=1",
					"$(inherited)",
				);
				GCC_WARN_64_TO_32_BIT_CONVERSION = YES;
				GCC_WARN_ABOUT_RETURN_TYPE = YES_ERROR;
				GCC_WARN_UNDECLARED_SELECTOR = YES;
				GCC_WARN_UNINITIALIZED_AUTOS = YES_AGGRESSIVE;
				GCC_WARN_UNUSED_FUNCTION = YES;
				GCC_WARN_UNUSED_VARIABLE = YES;
				IPHONEOS_DEPLOYMENT_TARGET = 10.3;
				MTL_ENABLE_DEBUG_INFO = YES;
				ONLY_ACTIVE_ARCH = YES;
				SDKROOT = iphoneos;
				SWIFT_ACTIVE_COMPILATION_CONDITIONS = DEBUG;
				SWIFT_OPTIMIZATION_LEVEL = "-Onone";
			};
			name = Debug;
		};
		BA83B34F1FF4D3FB008DC2AA /* Release */ = {
			isa = XCBuildConfiguration;
			buildSettings = {
				ALWAYS_SEARCH_USER_PATHS = NO;
				CLANG_ANALYZER_NONNULL = YES;
				CLANG_ANALYZER_NUMBER_OBJECT_CONVERSION = YES_AGGRESSIVE;
				CLANG_CXX_LANGUAGE_STANDARD = "gnu++0x";
				CLANG_CXX_LIBRARY = "libc++";
				CLANG_ENABLE_MODULES = YES;
				CLANG_ENABLE_OBJC_ARC = YES;
				CLANG_WARN_BOOL_CONVERSION = YES;
				CLANG_WARN_CONSTANT_CONVERSION = YES;
				CLANG_WARN_DIRECT_OBJC_ISA_USAGE = YES_ERROR;
				CLANG_WARN_DOCUMENTATION_COMMENTS = YES;
				CLANG_WARN_EMPTY_BODY = YES;
				CLANG_WARN_ENUM_CONVERSION = YES;
				CLANG_WARN_INFINITE_RECURSION = YES;
				CLANG_WARN_INT_CONVERSION = YES;
				CLANG_WARN_OBJC_ROOT_CLASS = YES_ERROR;
				CLANG_WARN_SUSPICIOUS_MOVE = YES;
				CLANG_WARN_UNREACHABLE_CODE = YES;
				CLANG_WARN__DUPLICATE_METHOD_MATCH = YES;
				"CODE_SIGN_IDENTITY[sdk=iphoneos*]" = "iPhone Developer";
				COPY_PHASE_STRIP = NO;
				DEBUG_INFORMATION_FORMAT = "dwarf-with-dsym";
				ENABLE_NS_ASSERTIONS = NO;
				ENABLE_STRICT_OBJC_MSGSEND = YES;
				GCC_C_LANGUAGE_STANDARD = gnu99;
				GCC_NO_COMMON_BLOCKS = YES;
				GCC_WARN_64_TO_32_BIT_CONVERSION = YES;
				GCC_WARN_ABOUT_RETURN_TYPE = YES_ERROR;
				GCC_WARN_UNDECLARED_SELECTOR = YES;
				GCC_WARN_UNINITIALIZED_AUTOS = YES_AGGRESSIVE;
				GCC_WARN_UNUSED_FUNCTION = YES;
				GCC_WARN_UNUSED_VARIABLE = YES;
				IPHONEOS_DEPLOYMENT_TARGET = 10.3;
				MTL_ENABLE_DEBUG_INFO = NO;
				SDKROOT = iphoneos;
				SWIFT_OPTIMIZATION_LEVEL = "-Owholemodule";
				VALIDATE_PRODUCT = YES;
			};
			name = Release;
		};
		BA83B3511FF4D3FB008DC2AA /* Debug */ = {
			isa = XCBuildConfiguration;
			buildSettings = {
				ASSETCATALOG_COMPILER_APPICON_NAME = AppIcon;
				INFOPLIST_FILE = SlideshowApp/Info.plist;
				LD_RUNPATH_SEARCH_PATHS = "$(inherited) @executable_path/Frameworks";
				PRODUCT_BUNDLE_IDENTIFIER = jp.techacademy.yuji.mimori.SlideshowApp;
				PRODUCT_NAME = "$(TARGET_NAME)";
				SWIFT_VERSION = 3.0;
			};
			name = Debug;
		};
		BA83B3521FF4D3FB008DC2AA /* Release */ = {
			isa = XCBuildConfiguration;
			buildSettings = {
				ASSETCATALOG_COMPILER_APPICON_NAME = AppIcon;
				INFOPLIST_FILE = SlideshowApp/Info.plist;
				LD_RUNPATH_SEARCH_PATHS = "$(inherited) @executable_path/Frameworks";
				PRODUCT_BUNDLE_IDENTIFIER = jp.techacademy.yuji.mimori.SlideshowApp;
				PRODUCT_NAME = "$(TARGET_NAME)";
				SWIFT_VERSION = 3.0;
			};
			name = Release;
		};
/* End XCBuildConfiguration section */

/* Begin XCConfigurationList section */
		BA83B3391FF4D3FB008DC2AA /* Build configuration list for PBXProject "SlideshowApp" */ = {
			isa = XCConfigurationList;
			buildConfigurations = (
				BA83B34E1FF4D3FB008DC2AA /* Debug */,
				BA83B34F1FF4D3FB008DC2AA /* Release */,
			);
			defaultConfigurationIsVisible = 0;
			defaultConfigurationName = Release;
		};
		BA83B3501FF4D3FB008DC2AA /* Build configuration list for PBXNativeTarget "SlideshowApp" */ = {
			isa = XCConfigurationList;
			buildConfigurations = (
				BA83B3511FF4D3FB008DC2AA /* Debug */,
				BA83B3521FF4D3FB008DC2AA /* Release */,
			);
			defaultConfigurationIsVisible = 0;
			defaultConfigurationName = Release;
		};
/* End XCConfigurationList section */
	};
	rootObject = BA83B3361FF4D3FB008DC2AA /* Project object */;
}
